
Microsoft Visual Studio Solution File, Format Version 12.00
# Visual Studio Version 16
VisualStudioVersion = 16.0.30114.105
MinimumVisualStudioVersion = 10.0.40219.1
Project("{2150E333-8FDC-42A3-9474-1A3956D46DE8}") = "BuildingBlocks", "BuildingBlocks", "{6111FBA3-B14E-4167-AC47-298C13085DDE}"
EndProject
Project("{FAE04EC0-301F-11D3-BF4B-00C04F79EFBC}") = "BuildingBlocks", "src\BuldingBlocks\BuildingBlocks.csproj", "{C2DF757F-231E-47D1-9953-3C796F7C015B}"
EndProject
Project("{2150E333-8FDC-42A3-9474-1A3956D46DE8}") = "ApiGateway", "ApiGateway", "{F210A9F4-FE2B-4E59-A158-7C5F77BCFFCB}"
EndProject
Project("{FAE04EC0-301F-11D3-BF4B-00C04F79EFBC}") = "University.ApiGateway", "src\ApiGateway\University.ApiGateway\University.ApiGateway.csproj", "{BB581A61-D3CB-42E3-81EE-717BEDC48F65}"
EndProject
Project("{2150E333-8FDC-42A3-9474-1A3956D46DE8}") = "Services", "Services", "{8E7B7C29-3B80-47C8-B652-8462635A5031}"
EndProject
Project("{2150E333-8FDC-42A3-9474-1A3956D46DE8}") = "Courses", "Courses", "{BF3F6CFD-39CB-4351-84C5-8B2B00757C5E}"
EndProject
Project("{FAE04EC0-301F-11D3-BF4B-00C04F79EFBC}") = "University.Courses.Api", "src\Services\Courses\University.Courses.Api\University.Courses.Api.csproj", "{E37108BE-CA73-4EBB-9E74-7B5DB0B7497F}"
EndProject
Project("{FAE04EC0-301F-11D3-BF4B-00C04F79EFBC}") = "University.Courses.Application", "src\Services\Courses\University.Courses.Application\University.Courses.Application.csproj", "{ECA9FD2D-FA75-42BB-9626-E0ADFC910A17}"
EndProject
Project("{FAE04EC0-301F-11D3-BF4B-00C04F79EFBC}") = "University.Courses.Core", "src\Services\Courses\University.Courses.Core\University.Courses.Core.csproj", "{EC10F63C-3D2B-4C6B-BB58-8FD0269B65F0}"
EndProject
Project("{FAE04EC0-301F-11D3-BF4B-00C04F79EFBC}") = "University.Courses.Infrastructure", "src\Services\Courses\University.Courses.Infrastructure\University.Courses.Infrastructure.csproj", "{A5E34E15-511A-4D3A-9E7C-847B21A4207F}"
EndProject
Project("{2150E333-8FDC-42A3-9474-1A3956D46DE8}") = "Departments", "Departments", "{5E86038E-B69B-48BB-B7A2-1D7358B6D67A}"
EndProject
Project("{FAE04EC0-301F-11D3-BF4B-00C04F79EFBC}") = "University.Departments.Api", "src\Services\Departments\University.Departments.Api\University.Departments.Api.csproj", "{EE2FD362-BCE8-4311-81FA-26EDCF98A40C}"
EndProject
Project("{FAE04EC0-301F-11D3-BF4B-00C04F79EFBC}") = "University.Departments.Application", "src\Services\Departments\University.Departments.Application\University.Departments.Application.csproj", "{AB924136-16DE-496B-B1AF-2CFFA85B8D47}"
EndProject
Project("{FAE04EC0-301F-11D3-BF4B-00C04F79EFBC}") = "University.Departments.Core", "src\Services\Departments\University.Departments.Core\University.Departments.Core.csproj", "{534E2AE8-FCB6-4540-9993-0A1DB45ED734}"
EndProject
Project("{FAE04EC0-301F-11D3-BF4B-00C04F79EFBC}") = "University.Departments.Infrastructure", "src\Services\Departments\University.Departments.Infrastructure\University.Departments.Infrastructure.csproj", "{01415ECA-1326-4322-8F3F-A9EAA9E390F8}"
EndProject
Project("{2150E333-8FDC-42A3-9474-1A3956D46DE8}") = "Students", "Students", "{D9BF4379-8961-4F12-AEF9-8F882AACA7F3}"
EndProject
Project("{FAE04EC0-301F-11D3-BF4B-00C04F79EFBC}") = "University.Students.Api", "src\Services\Students\University.Students.Api\University.Students.Api.csproj", "{9F097D54-51D3-4E4F-BE82-B6EBE326FBC1}"
EndProject
Project("{FAE04EC0-301F-11D3-BF4B-00C04F79EFBC}") = "University.Students.Application", "src\Services\Students\University.Students.Application\University.Students.Application.csproj", "{43FC0AA3-9573-48E1-9EE6-F1C4D1C1415C}"
EndProject
Project("{FAE04EC0-301F-11D3-BF4B-00C04F79EFBC}") = "University.Students.Core", "src\Services\Students\University.Students.Core\University.Students.Core.csproj", "{F58C74FD-1D86-4A53-8FD4-F27958622E94}"
EndProject
Project("{FAE04EC0-301F-11D3-BF4B-00C04F79EFBC}") = "University.Students.Infrastructure", "src\Services\Students\University.Students.Infrastructure\University.Students.Infrastructure.csproj", "{A4C784B0-55F2-4550-B45C-DC7A4F5FF11D}"
EndProject
Project("{2150E333-8FDC-42A3-9474-1A3956D46DE8}") = "Instructors", "Instructors", "{A96C97DC-5A87-46FC-90B8-2A60479443DB}"
EndProject
Project("{FAE04EC0-301F-11D3-BF4B-00C04F79EFBC}") = "University.Instructors.Api", "src\Services\Instructors\University.Instructors.Api\University.Instructors.Api.csproj", "{697B1319-C796-4DB4-8814-4BD4F846835A}"
EndProject
Project("{FAE04EC0-301F-11D3-BF4B-00C04F79EFBC}") = "University.Instructors.Application", "src\Services\Instructors\University.Instructors.Application\University.Instructors.Application.csproj", "{A5D84963-F099-4CC4-B23D-5C70F687A382}"
EndProject
Project("{FAE04EC0-301F-11D3-BF4B-00C04F79EFBC}") = "University.Instructors.Core", "src\Services\Instructors\University.Instructors.Core\University.Instructors.Core.csproj", "{7294C453-FEE4-48BA-B399-2CC82A681CE1}"
EndProject
Project("{FAE04EC0-301F-11D3-BF4B-00C04F79EFBC}") = "University.Instructors.Infrastructure", "src\Services\Instructors\University.Instructors.Infrastructure\University.Instructors.Infrastructure.csproj", "{4FE4C933-FDA4-4E72-AFF3-ECA9F91DD50C}"
EndProject
Project("{2150E333-8FDC-42A3-9474-1A3956D46DE8}") = "Identity", "Identity", "{40004006-6898-42D9-87C0-9D3CF647DE3D}"
EndProject
Project("{FAE04EC0-301F-11D3-BF4B-00C04F79EFBC}") = "Identity.Api", "src\Services\Identity\University.Identity.Api\Identity.Api.csproj", "{CDD45FE4-27F1-4E9D-A456-614E8F6021E5}"
EndProject
Project("{FAE04EC0-301F-11D3-BF4B-00C04F79EFBC}") = "University.Identity.Application", "src\Services\Identity\University.Identity.Application\University.Identity.Application.csproj", "{C9918D34-E659-47F3-BE7C-791D6744B506}"
EndProject
Project("{FAE04EC0-301F-11D3-BF4B-00C04F79EFBC}") = "University.Identity.Core", "src\Services\Identity\University.Identity.Core\University.Identity.Core.csproj", "{50DD8EFB-AE6A-4736-9D3A-8C9C8AA3D927}"
EndProject
Project("{FAE04EC0-301F-11D3-BF4B-00C04F79EFBC}") = "University.Identity.Infrastructure", "src\Services\Identity\University.Identity.Infrastructure\University.Identity.Infrastructure.csproj", "{979F2093-848E-493F-BB5B-338F0F8957AB}"
EndProject
Global
	GlobalSection(SolutionConfigurationPlatforms) = preSolution
		Debug|Any CPU = Debug|Any CPU
		Debug|x64 = Debug|x64
		Debug|x86 = Debug|x86
		Release|Any CPU = Release|Any CPU
		Release|x64 = Release|x64
		Release|x86 = Release|x86
	EndGlobalSection
	GlobalSection(SolutionProperties) = preSolution
		HideSolutionNode = FALSE
	EndGlobalSection
	GlobalSection(NestedProjects) = preSolution
		{C2DF757F-231E-47D1-9953-3C796F7C015B} = {6111FBA3-B14E-4167-AC47-298C13085DDE}
		{BB581A61-D3CB-42E3-81EE-717BEDC48F65} = {F210A9F4-FE2B-4E59-A158-7C5F77BCFFCB}
		{BF3F6CFD-39CB-4351-84C5-8B2B00757C5E} = {8E7B7C29-3B80-47C8-B652-8462635A5031}
		{E37108BE-CA73-4EBB-9E74-7B5DB0B7497F} = {BF3F6CFD-39CB-4351-84C5-8B2B00757C5E}
		{ECA9FD2D-FA75-42BB-9626-E0ADFC910A17} = {BF3F6CFD-39CB-4351-84C5-8B2B00757C5E}
		{EC10F63C-3D2B-4C6B-BB58-8FD0269B65F0} = {BF3F6CFD-39CB-4351-84C5-8B2B00757C5E}
		{A5E34E15-511A-4D3A-9E7C-847B21A4207F} = {BF3F6CFD-39CB-4351-84C5-8B2B00757C5E}
		{5E86038E-B69B-48BB-B7A2-1D7358B6D67A} = {8E7B7C29-3B80-47C8-B652-8462635A5031}
		{EE2FD362-BCE8-4311-81FA-26EDCF98A40C} = {5E86038E-B69B-48BB-B7A2-1D7358B6D67A}
		{AB924136-16DE-496B-B1AF-2CFFA85B8D47} = {5E86038E-B69B-48BB-B7A2-1D7358B6D67A}
		{534E2AE8-FCB6-4540-9993-0A1DB45ED734} = {5E86038E-B69B-48BB-B7A2-1D7358B6D67A}
		{01415ECA-1326-4322-8F3F-A9EAA9E390F8} = {5E86038E-B69B-48BB-B7A2-1D7358B6D67A}
		{D9BF4379-8961-4F12-AEF9-8F882AACA7F3} = {8E7B7C29-3B80-47C8-B652-8462635A5031}
		{9F097D54-51D3-4E4F-BE82-B6EBE326FBC1} = {D9BF4379-8961-4F12-AEF9-8F882AACA7F3}
		{43FC0AA3-9573-48E1-9EE6-F1C4D1C1415C} = {D9BF4379-8961-4F12-AEF9-8F882AACA7F3}
		{F58C74FD-1D86-4A53-8FD4-F27958622E94} = {D9BF4379-8961-4F12-AEF9-8F882AACA7F3}
		{A4C784B0-55F2-4550-B45C-DC7A4F5FF11D} = {D9BF4379-8961-4F12-AEF9-8F882AACA7F3}
		{A96C97DC-5A87-46FC-90B8-2A60479443DB} = {8E7B7C29-3B80-47C8-B652-8462635A5031}
		{697B1319-C796-4DB4-8814-4BD4F846835A} = {A96C97DC-5A87-46FC-90B8-2A60479443DB}
		{A5D84963-F099-4CC4-B23D-5C70F687A382} = {A96C97DC-5A87-46FC-90B8-2A60479443DB}
		{7294C453-FEE4-48BA-B399-2CC82A681CE1} = {A96C97DC-5A87-46FC-90B8-2A60479443DB}
		{4FE4C933-FDA4-4E72-AFF3-ECA9F91DD50C} = {A96C97DC-5A87-46FC-90B8-2A60479443DB}
		{40004006-6898-42D9-87C0-9D3CF647DE3D} = {8E7B7C29-3B80-47C8-B652-8462635A5031}
		{CDD45FE4-27F1-4E9D-A456-614E8F6021E5} = {40004006-6898-42D9-87C0-9D3CF647DE3D}
		{C9918D34-E659-47F3-BE7C-791D6744B506} = {40004006-6898-42D9-87C0-9D3CF647DE3D}
		{50DD8EFB-AE6A-4736-9D3A-8C9C8AA3D927} = {40004006-6898-42D9-87C0-9D3CF647DE3D}
		{979F2093-848E-493F-BB5B-338F0F8957AB} = {40004006-6898-42D9-87C0-9D3CF647DE3D}
	EndGlobalSection
	GlobalSection(ProjectConfigurationPlatforms) = postSolution
		{C2DF757F-231E-47D1-9953-3C796F7C015B}.Debug|Any CPU.ActiveCfg = Debug|Any CPU
		{C2DF757F-231E-47D1-9953-3C796F7C015B}.Debug|Any CPU.Build.0 = Debug|Any CPU
		{C2DF757F-231E-47D1-9953-3C796F7C015B}.Debug|x64.ActiveCfg = Debug|Any CPU
		{C2DF757F-231E-47D1-9953-3C796F7C015B}.Debug|x64.Build.0 = Debug|Any CPU
		{C2DF757F-231E-47D1-9953-3C796F7C015B}.Debug|x86.ActiveCfg = Debug|Any CPU
		{C2DF757F-231E-47D1-9953-3C796F7C015B}.Debug|x86.Build.0 = Debug|Any CPU
		{C2DF757F-231E-47D1-9953-3C796F7C015B}.Release|Any CPU.ActiveCfg = Release|Any CPU
		{C2DF757F-231E-47D1-9953-3C796F7C015B}.Release|Any CPU.Build.0 = Release|Any CPU
		{C2DF757F-231E-47D1-9953-3C796F7C015B}.Release|x64.ActiveCfg = Release|Any CPU
		{C2DF757F-231E-47D1-9953-3C796F7C015B}.Release|x64.Build.0 = Release|Any CPU
		{C2DF757F-231E-47D1-9953-3C796F7C015B}.Release|x86.ActiveCfg = Release|Any CPU
		{C2DF757F-231E-47D1-9953-3C796F7C015B}.Release|x86.Build.0 = Release|Any CPU
		{BB581A61-D3CB-42E3-81EE-717BEDC48F65}.Debug|Any CPU.ActiveCfg = Debug|Any CPU
		{BB581A61-D3CB-42E3-81EE-717BEDC48F65}.Debug|Any CPU.Build.0 = Debug|Any CPU
		{BB581A61-D3CB-42E3-81EE-717BEDC48F65}.Debug|x64.ActiveCfg = Debug|Any CPU
		{BB581A61-D3CB-42E3-81EE-717BEDC48F65}.Debug|x64.Build.0 = Debug|Any CPU
		{BB581A61-D3CB-42E3-81EE-717BEDC48F65}.Debug|x86.ActiveCfg = Debug|Any CPU
		{BB581A61-D3CB-42E3-81EE-717BEDC48F65}.Debug|x86.Build.0 = Debug|Any CPU
		{BB581A61-D3CB-42E3-81EE-717BEDC48F65}.Release|Any CPU.ActiveCfg = Release|Any CPU
		{BB581A61-D3CB-42E3-81EE-717BEDC48F65}.Release|Any CPU.Build.0 = Release|Any CPU
		{BB581A61-D3CB-42E3-81EE-717BEDC48F65}.Release|x64.ActiveCfg = Release|Any CPU
		{BB581A61-D3CB-42E3-81EE-717BEDC48F65}.Release|x64.Build.0 = Release|Any CPU
		{BB581A61-D3CB-42E3-81EE-717BEDC48F65}.Release|x86.ActiveCfg = Release|Any CPU
		{BB581A61-D3CB-42E3-81EE-717BEDC48F65}.Release|x86.Build.0 = Release|Any CPU
		{E37108BE-CA73-4EBB-9E74-7B5DB0B7497F}.Debug|Any CPU.ActiveCfg = Debug|Any CPU
		{E37108BE-CA73-4EBB-9E74-7B5DB0B7497F}.Debug|Any CPU.Build.0 = Debug|Any CPU
		{E37108BE-CA73-4EBB-9E74-7B5DB0B7497F}.Debug|x64.ActiveCfg = Debug|Any CPU
		{E37108BE-CA73-4EBB-9E74-7B5DB0B7497F}.Debug|x64.Build.0 = Debug|Any CPU
		{E37108BE-CA73-4EBB-9E74-7B5DB0B7497F}.Debug|x86.ActiveCfg = Debug|Any CPU
		{E37108BE-CA73-4EBB-9E74-7B5DB0B7497F}.Debug|x86.Build.0 = Debug|Any CPU
		{E37108BE-CA73-4EBB-9E74-7B5DB0B7497F}.Release|Any CPU.ActiveCfg = Release|Any CPU
		{E37108BE-CA73-4EBB-9E74-7B5DB0B7497F}.Release|Any CPU.Build.0 = Release|Any CPU
		{E37108BE-CA73-4EBB-9E74-7B5DB0B7497F}.Release|x64.ActiveCfg = Release|Any CPU
		{E37108BE-CA73-4EBB-9E74-7B5DB0B7497F}.Release|x64.Build.0 = Release|Any CPU
		{E37108BE-CA73-4EBB-9E74-7B5DB0B7497F}.Release|x86.ActiveCfg = Release|Any CPU
		{E37108BE-CA73-4EBB-9E74-7B5DB0B7497F}.Release|x86.Build.0 = Release|Any CPU
		{ECA9FD2D-FA75-42BB-9626-E0ADFC910A17}.Debug|Any CPU.ActiveCfg = Debug|Any CPU
		{ECA9FD2D-FA75-42BB-9626-E0ADFC910A17}.Debug|Any CPU.Build.0 = Debug|Any CPU
		{ECA9FD2D-FA75-42BB-9626-E0ADFC910A17}.Debug|x64.ActiveCfg = Debug|Any CPU
		{ECA9FD2D-FA75-42BB-9626-E0ADFC910A17}.Debug|x64.Build.0 = Debug|Any CPU
		{ECA9FD2D-FA75-42BB-9626-E0ADFC910A17}.Debug|x86.ActiveCfg = Debug|Any CPU
		{ECA9FD2D-FA75-42BB-9626-E0ADFC910A17}.Debug|x86.Build.0 = Debug|Any CPU
		{ECA9FD2D-FA75-42BB-9626-E0ADFC910A17}.Release|Any CPU.ActiveCfg = Release|Any CPU
		{ECA9FD2D-FA75-42BB-9626-E0ADFC910A17}.Release|Any CPU.Build.0 = Release|Any CPU
		{ECA9FD2D-FA75-42BB-9626-E0ADFC910A17}.Release|x64.ActiveCfg = Release|Any CPU
		{ECA9FD2D-FA75-42BB-9626-E0ADFC910A17}.Release|x64.Build.0 = Release|Any CPU
		{ECA9FD2D-FA75-42BB-9626-E0ADFC910A17}.Release|x86.ActiveCfg = Release|Any CPU
		{ECA9FD2D-FA75-42BB-9626-E0ADFC910A17}.Release|x86.Build.0 = Release|Any CPU
		{EC10F63C-3D2B-4C6B-BB58-8FD0269B65F0}.Debug|Any CPU.ActiveCfg = Debug|Any CPU
		{EC10F63C-3D2B-4C6B-BB58-8FD0269B65F0}.Debug|Any CPU.Build.0 = Debug|Any CPU
		{EC10F63C-3D2B-4C6B-BB58-8FD0269B65F0}.Debug|x64.ActiveCfg = Debug|Any CPU
		{EC10F63C-3D2B-4C6B-BB58-8FD0269B65F0}.Debug|x64.Build.0 = Debug|Any CPU
		{EC10F63C-3D2B-4C6B-BB58-8FD0269B65F0}.Debug|x86.ActiveCfg = Debug|Any CPU
		{EC10F63C-3D2B-4C6B-BB58-8FD0269B65F0}.Debug|x86.Build.0 = Debug|Any CPU
		{EC10F63C-3D2B-4C6B-BB58-8FD0269B65F0}.Release|Any CPU.ActiveCfg = Release|Any CPU
		{EC10F63C-3D2B-4C6B-BB58-8FD0269B65F0}.Release|Any CPU.Build.0 = Release|Any CPU
		{EC10F63C-3D2B-4C6B-BB58-8FD0269B65F0}.Release|x64.ActiveCfg = Release|Any CPU
		{EC10F63C-3D2B-4C6B-BB58-8FD0269B65F0}.Release|x64.Build.0 = Release|Any CPU
		{EC10F63C-3D2B-4C6B-BB58-8FD0269B65F0}.Release|x86.ActiveCfg = Release|Any CPU
		{EC10F63C-3D2B-4C6B-BB58-8FD0269B65F0}.Release|x86.Build.0 = Release|Any CPU
		{A5E34E15-511A-4D3A-9E7C-847B21A4207F}.Debug|Any CPU.ActiveCfg = Debug|Any CPU
		{A5E34E15-511A-4D3A-9E7C-847B21A4207F}.Debug|Any CPU.Build.0 = Debug|Any CPU
		{A5E34E15-511A-4D3A-9E7C-847B21A4207F}.Debug|x64.ActiveCfg = Debug|Any CPU
		{A5E34E15-511A-4D3A-9E7C-847B21A4207F}.Debug|x64.Build.0 = Debug|Any CPU
		{A5E34E15-511A-4D3A-9E7C-847B21A4207F}.Debug|x86.ActiveCfg = Debug|Any CPU
		{A5E34E15-511A-4D3A-9E7C-847B21A4207F}.Debug|x86.Build.0 = Debug|Any CPU
		{A5E34E15-511A-4D3A-9E7C-847B21A4207F}.Release|Any CPU.ActiveCfg = Release|Any CPU
		{A5E34E15-511A-4D3A-9E7C-847B21A4207F}.Release|Any CPU.Build.0 = Release|Any CPU
		{A5E34E15-511A-4D3A-9E7C-847B21A4207F}.Release|x64.ActiveCfg = Release|Any CPU
		{A5E34E15-511A-4D3A-9E7C-847B21A4207F}.Release|x64.Build.0 = Release|Any CPU
		{A5E34E15-511A-4D3A-9E7C-847B21A4207F}.Release|x86.ActiveCfg = Release|Any CPU
		{A5E34E15-511A-4D3A-9E7C-847B21A4207F}.Release|x86.Build.0 = Release|Any CPU
		{EE2FD362-BCE8-4311-81FA-26EDCF98A40C}.Debug|Any CPU.ActiveCfg = Debug|Any CPU
		{EE2FD362-BCE8-4311-81FA-26EDCF98A40C}.Debug|Any CPU.Build.0 = Debug|Any CPU
		{EE2FD362-BCE8-4311-81FA-26EDCF98A40C}.Debug|x64.ActiveCfg = Debug|Any CPU
		{EE2FD362-BCE8-4311-81FA-26EDCF98A40C}.Debug|x64.Build.0 = Debug|Any CPU
		{EE2FD362-BCE8-4311-81FA-26EDCF98A40C}.Debug|x86.ActiveCfg = Debug|Any CPU
		{EE2FD362-BCE8-4311-81FA-26EDCF98A40C}.Debug|x86.Build.0 = Debug|Any CPU
		{EE2FD362-BCE8-4311-81FA-26EDCF98A40C}.Release|Any CPU.ActiveCfg = Release|Any CPU
		{EE2FD362-BCE8-4311-81FA-26EDCF98A40C}.Release|Any CPU.Build.0 = Release|Any CPU
		{EE2FD362-BCE8-4311-81FA-26EDCF98A40C}.Release|x64.ActiveCfg = Release|Any CPU
		{EE2FD362-BCE8-4311-81FA-26EDCF98A40C}.Release|x64.Build.0 = Release|Any CPU
		{EE2FD362-BCE8-4311-81FA-26EDCF98A40C}.Release|x86.ActiveCfg = Release|Any CPU
		{EE2FD362-BCE8-4311-81FA-26EDCF98A40C}.Release|x86.Build.0 = Release|Any CPU
		{AB924136-16DE-496B-B1AF-2CFFA85B8D47}.Debug|Any CPU.ActiveCfg = Debug|Any CPU
		{AB924136-16DE-496B-B1AF-2CFFA85B8D47}.Debug|Any CPU.Build.0 = Debug|Any CPU
		{AB924136-16DE-496B-B1AF-2CFFA85B8D47}.Debug|x64.ActiveCfg = Debug|Any CPU
		{AB924136-16DE-496B-B1AF-2CFFA85B8D47}.Debug|x64.Build.0 = Debug|Any CPU
		{AB924136-16DE-496B-B1AF-2CFFA85B8D47}.Debug|x86.ActiveCfg = Debug|Any CPU
		{AB924136-16DE-496B-B1AF-2CFFA85B8D47}.Debug|x86.Build.0 = Debug|Any CPU
		{AB924136-16DE-496B-B1AF-2CFFA85B8D47}.Release|Any CPU.ActiveCfg = Release|Any CPU
		{AB924136-16DE-496B-B1AF-2CFFA85B8D47}.Release|Any CPU.Build.0 = Release|Any CPU
		{AB924136-16DE-496B-B1AF-2CFFA85B8D47}.Release|x64.ActiveCfg = Release|Any CPU
		{AB924136-16DE-496B-B1AF-2CFFA85B8D47}.Release|x64.Build.0 = Release|Any CPU
		{AB924136-16DE-496B-B1AF-2CFFA85B8D47}.Release|x86.ActiveCfg = Release|Any CPU
		{AB924136-16DE-496B-B1AF-2CFFA85B8D47}.Release|x86.Build.0 = Release|Any CPU
		{534E2AE8-FCB6-4540-9993-0A1DB45ED734}.Debug|Any CPU.ActiveCfg = Debug|Any CPU
		{534E2AE8-FCB6-4540-9993-0A1DB45ED734}.Debug|Any CPU.Build.0 = Debug|Any CPU
		{534E2AE8-FCB6-4540-9993-0A1DB45ED734}.Debug|x64.ActiveCfg = Debug|Any CPU
		{534E2AE8-FCB6-4540-9993-0A1DB45ED734}.Debug|x64.Build.0 = Debug|Any CPU
		{534E2AE8-FCB6-4540-9993-0A1DB45ED734}.Debug|x86.ActiveCfg = Debug|Any CPU
		{534E2AE8-FCB6-4540-9993-0A1DB45ED734}.Debug|x86.Build.0 = Debug|Any CPU
		{534E2AE8-FCB6-4540-9993-0A1DB45ED734}.Release|Any CPU.ActiveCfg = Release|Any CPU
		{534E2AE8-FCB6-4540-9993-0A1DB45ED734}.Release|Any CPU.Build.0 = Release|Any CPU
		{534E2AE8-FCB6-4540-9993-0A1DB45ED734}.Release|x64.ActiveCfg = Release|Any CPU
		{534E2AE8-FCB6-4540-9993-0A1DB45ED734}.Release|x64.Build.0 = Release|Any CPU
		{534E2AE8-FCB6-4540-9993-0A1DB45ED734}.Release|x86.ActiveCfg = Release|Any CPU
		{534E2AE8-FCB6-4540-9993-0A1DB45ED734}.Release|x86.Build.0 = Release|Any CPU
		{01415ECA-1326-4322-8F3F-A9EAA9E390F8}.Debug|Any CPU.ActiveCfg = Debug|Any CPU
		{01415ECA-1326-4322-8F3F-A9EAA9E390F8}.Debug|Any CPU.Build.0 = Debug|Any CPU
		{01415ECA-1326-4322-8F3F-A9EAA9E390F8}.Debug|x64.ActiveCfg = Debug|Any CPU
		{01415ECA-1326-4322-8F3F-A9EAA9E390F8}.Debug|x64.Build.0 = Debug|Any CPU
		{01415ECA-1326-4322-8F3F-A9EAA9E390F8}.Debug|x86.ActiveCfg = Debug|Any CPU
		{01415ECA-1326-4322-8F3F-A9EAA9E390F8}.Debug|x86.Build.0 = Debug|Any CPU
		{01415ECA-1326-4322-8F3F-A9EAA9E390F8}.Release|Any CPU.ActiveCfg = Release|Any CPU
		{01415ECA-1326-4322-8F3F-A9EAA9E390F8}.Release|Any CPU.Build.0 = Release|Any CPU
		{01415ECA-1326-4322-8F3F-A9EAA9E390F8}.Release|x64.ActiveCfg = Release|Any CPU
		{01415ECA-1326-4322-8F3F-A9EAA9E390F8}.Release|x64.Build.0 = Release|Any CPU
		{01415ECA-1326-4322-8F3F-A9EAA9E390F8}.Release|x86.ActiveCfg = Release|Any CPU
		{01415ECA-1326-4322-8F3F-A9EAA9E390F8}.Release|x86.Build.0 = Release|Any CPU
		{9F097D54-51D3-4E4F-BE82-B6EBE326FBC1}.Debug|Any CPU.ActiveCfg = Debug|Any CPU
		{9F097D54-51D3-4E4F-BE82-B6EBE326FBC1}.Debug|Any CPU.Build.0 = Debug|Any CPU
		{9F097D54-51D3-4E4F-BE82-B6EBE326FBC1}.Debug|x64.ActiveCfg = Debug|Any CPU
		{9F097D54-51D3-4E4F-BE82-B6EBE326FBC1}.Debug|x64.Build.0 = Debug|Any CPU
		{9F097D54-51D3-4E4F-BE82-B6EBE326FBC1}.Debug|x86.ActiveCfg = Debug|Any CPU
		{9F097D54-51D3-4E4F-BE82-B6EBE326FBC1}.Debug|x86.Build.0 = Debug|Any CPU
		{9F097D54-51D3-4E4F-BE82-B6EBE326FBC1}.Release|Any CPU.ActiveCfg = Release|Any CPU
		{9F097D54-51D3-4E4F-BE82-B6EBE326FBC1}.Release|Any CPU.Build.0 = Release|Any CPU
		{9F097D54-51D3-4E4F-BE82-B6EBE326FBC1}.Release|x64.ActiveCfg = Release|Any CPU
		{9F097D54-51D3-4E4F-BE82-B6EBE326FBC1}.Release|x64.Build.0 = Release|Any CPU
		{9F097D54-51D3-4E4F-BE82-B6EBE326FBC1}.Release|x86.ActiveCfg = Release|Any CPU
		{9F097D54-51D3-4E4F-BE82-B6EBE326FBC1}.Release|x86.Build.0 = Release|Any CPU
		{43FC0AA3-9573-48E1-9EE6-F1C4D1C1415C}.Debug|Any CPU.ActiveCfg = Debug|Any CPU
		{43FC0AA3-9573-48E1-9EE6-F1C4D1C1415C}.Debug|Any CPU.Build.0 = Debug|Any CPU
		{43FC0AA3-9573-48E1-9EE6-F1C4D1C1415C}.Debug|x64.ActiveCfg = Debug|Any CPU
		{43FC0AA3-9573-48E1-9EE6-F1C4D1C1415C}.Debug|x64.Build.0 = Debug|Any CPU
		{43FC0AA3-9573-48E1-9EE6-F1C4D1C1415C}.Debug|x86.ActiveCfg = Debug|Any CPU
		{43FC0AA3-9573-48E1-9EE6-F1C4D1C1415C}.Debug|x86.Build.0 = Debug|Any CPU
		{43FC0AA3-9573-48E1-9EE6-F1C4D1C1415C}.Release|Any CPU.ActiveCfg = Release|Any CPU
		{43FC0AA3-9573-48E1-9EE6-F1C4D1C1415C}.Release|Any CPU.Build.0 = Release|Any CPU
		{43FC0AA3-9573-48E1-9EE6-F1C4D1C1415C}.Release|x64.ActiveCfg = Release|Any CPU
		{43FC0AA3-9573-48E1-9EE6-F1C4D1C1415C}.Release|x64.Build.0 = Release|Any CPU
		{43FC0AA3-9573-48E1-9EE6-F1C4D1C1415C}.Release|x86.ActiveCfg = Release|Any CPU
		{43FC0AA3-9573-48E1-9EE6-F1C4D1C1415C}.Release|x86.Build.0 = Release|Any CPU
		{F58C74FD-1D86-4A53-8FD4-F27958622E94}.Debug|Any CPU.ActiveCfg = Debug|Any CPU
		{F58C74FD-1D86-4A53-8FD4-F27958622E94}.Debug|Any CPU.Build.0 = Debug|Any CPU
		{F58C74FD-1D86-4A53-8FD4-F27958622E94}.Debug|x64.ActiveCfg = Debug|Any CPU
		{F58C74FD-1D86-4A53-8FD4-F27958622E94}.Debug|x64.Build.0 = Debug|Any CPU
		{F58C74FD-1D86-4A53-8FD4-F27958622E94}.Debug|x86.ActiveCfg = Debug|Any CPU
		{F58C74FD-1D86-4A53-8FD4-F27958622E94}.Debug|x86.Build.0 = Debug|Any CPU
		{F58C74FD-1D86-4A53-8FD4-F27958622E94}.Release|Any CPU.ActiveCfg = Release|Any CPU
		{F58C74FD-1D86-4A53-8FD4-F27958622E94}.Release|Any CPU.Build.0 = Release|Any CPU
		{F58C74FD-1D86-4A53-8FD4-F27958622E94}.Release|x64.ActiveCfg = Release|Any CPU
		{F58C74FD-1D86-4A53-8FD4-F27958622E94}.Release|x64.Build.0 = Release|Any CPU
		{F58C74FD-1D86-4A53-8FD4-F27958622E94}.Release|x86.ActiveCfg = Release|Any CPU
		{F58C74FD-1D86-4A53-8FD4-F27958622E94}.Release|x86.Build.0 = Release|Any CPU
		{A4C784B0-55F2-4550-B45C-DC7A4F5FF11D}.Debug|Any CPU.ActiveCfg = Debug|Any CPU
		{A4C784B0-55F2-4550-B45C-DC7A4F5FF11D}.Debug|Any CPU.Build.0 = Debug|Any CPU
		{A4C784B0-55F2-4550-B45C-DC7A4F5FF11D}.Debug|x64.ActiveCfg = Debug|Any CPU
		{A4C784B0-55F2-4550-B45C-DC7A4F5FF11D}.Debug|x64.Build.0 = Debug|Any CPU
		{A4C784B0-55F2-4550-B45C-DC7A4F5FF11D}.Debug|x86.ActiveCfg = Debug|Any CPU
		{A4C784B0-55F2-4550-B45C-DC7A4F5FF11D}.Debug|x86.Build.0 = Debug|Any CPU
		{A4C784B0-55F2-4550-B45C-DC7A4F5FF11D}.Release|Any CPU.ActiveCfg = Release|Any CPU
		{A4C784B0-55F2-4550-B45C-DC7A4F5FF11D}.Release|Any CPU.Build.0 = Release|Any CPU
		{A4C784B0-55F2-4550-B45C-DC7A4F5FF11D}.Release|x64.ActiveCfg = Release|Any CPU
		{A4C784B0-55F2-4550-B45C-DC7A4F5FF11D}.Release|x64.Build.0 = Release|Any CPU
		{A4C784B0-55F2-4550-B45C-DC7A4F5FF11D}.Release|x86.ActiveCfg = Release|Any CPU
		{A4C784B0-55F2-4550-B45C-DC7A4F5FF11D}.Release|x86.Build.0 = Release|Any CPU
		{697B1319-C796-4DB4-8814-4BD4F846835A}.Debug|Any CPU.ActiveCfg = Debug|Any CPU
		{697B1319-C796-4DB4-8814-4BD4F846835A}.Debug|Any CPU.Build.0 = Debug|Any CPU
		{697B1319-C796-4DB4-8814-4BD4F846835A}.Debug|x64.ActiveCfg = Debug|Any CPU
		{697B1319-C796-4DB4-8814-4BD4F846835A}.Debug|x64.Build.0 = Debug|Any CPU
		{697B1319-C796-4DB4-8814-4BD4F846835A}.Debug|x86.ActiveCfg = Debug|Any CPU
		{697B1319-C796-4DB4-8814-4BD4F846835A}.Debug|x86.Build.0 = Debug|Any CPU
		{697B1319-C796-4DB4-8814-4BD4F846835A}.Release|Any CPU.ActiveCfg = Release|Any CPU
		{697B1319-C796-4DB4-8814-4BD4F846835A}.Release|Any CPU.Build.0 = Release|Any CPU
		{697B1319-C796-4DB4-8814-4BD4F846835A}.Release|x64.ActiveCfg = Release|Any CPU
		{697B1319-C796-4DB4-8814-4BD4F846835A}.Release|x64.Build.0 = Release|Any CPU
		{697B1319-C796-4DB4-8814-4BD4F846835A}.Release|x86.ActiveCfg = Release|Any CPU
		{697B1319-C796-4DB4-8814-4BD4F846835A}.Release|x86.Build.0 = Release|Any CPU
		{A5D84963-F099-4CC4-B23D-5C70F687A382}.Debug|Any CPU.ActiveCfg = Debug|Any CPU
		{A5D84963-F099-4CC4-B23D-5C70F687A382}.Debug|Any CPU.Build.0 = Debug|Any CPU
		{A5D84963-F099-4CC4-B23D-5C70F687A382}.Debug|x64.ActiveCfg = Debug|Any CPU
		{A5D84963-F099-4CC4-B23D-5C70F687A382}.Debug|x64.Build.0 = Debug|Any CPU
		{A5D84963-F099-4CC4-B23D-5C70F687A382}.Debug|x86.ActiveCfg = Debug|Any CPU
		{A5D84963-F099-4CC4-B23D-5C70F687A382}.Debug|x86.Build.0 = Debug|Any CPU
		{A5D84963-F099-4CC4-B23D-5C70F687A382}.Release|Any CPU.ActiveCfg = Release|Any CPU
		{A5D84963-F099-4CC4-B23D-5C70F687A382}.Release|Any CPU.Build.0 = Release|Any CPU
		{A5D84963-F099-4CC4-B23D-5C70F687A382}.Release|x64.ActiveCfg = Release|Any CPU
		{A5D84963-F099-4CC4-B23D-5C70F687A382}.Release|x64.Build.0 = Release|Any CPU
		{A5D84963-F099-4CC4-B23D-5C70F687A382}.Release|x86.ActiveCfg = Release|Any CPU
		{A5D84963-F099-4CC4-B23D-5C70F687A382}.Release|x86.Build.0 = Release|Any CPU
		{7294C453-FEE4-48BA-B399-2CC82A681CE1}.Debug|Any CPU.ActiveCfg = Debug|Any CPU
		{7294C453-FEE4-48BA-B399-2CC82A681CE1}.Debug|Any CPU.Build.0 = Debug|Any CPU
		{7294C453-FEE4-48BA-B399-2CC82A681CE1}.Debug|x64.ActiveCfg = Debug|Any CPU
		{7294C453-FEE4-48BA-B399-2CC82A681CE1}.Debug|x64.Build.0 = Debug|Any CPU
		{7294C453-FEE4-48BA-B399-2CC82A681CE1}.Debug|x86.ActiveCfg = Debug|Any CPU
		{7294C453-FEE4-48BA-B399-2CC82A681CE1}.Debug|x86.Build.0 = Debug|Any CPU
		{7294C453-FEE4-48BA-B399-2CC82A681CE1}.Release|Any CPU.ActiveCfg = Release|Any CPU
		{7294C453-FEE4-48BA-B399-2CC82A681CE1}.Release|Any CPU.Build.0 = Release|Any CPU
		{7294C453-FEE4-48BA-B399-2CC82A681CE1}.Release|x64.ActiveCfg = Release|Any CPU
		{7294C453-FEE4-48BA-B399-2CC82A681CE1}.Release|x64.Build.0 = Release|Any CPU
		{7294C453-FEE4-48BA-B399-2CC82A681CE1}.Release|x86.ActiveCfg = Release|Any CPU
		{7294C453-FEE4-48BA-B399-2CC82A681CE1}.Release|x86.Build.0 = Release|Any CPU
		{4FE4C933-FDA4-4E72-AFF3-ECA9F91DD50C}.Debug|Any CPU.ActiveCfg = Debug|Any CPU
		{4FE4C933-FDA4-4E72-AFF3-ECA9F91DD50C}.Debug|Any CPU.Build.0 = Debug|Any CPU
		{4FE4C933-FDA4-4E72-AFF3-ECA9F91DD50C}.Debug|x64.ActiveCfg = Debug|Any CPU
		{4FE4C933-FDA4-4E72-AFF3-ECA9F91DD50C}.Debug|x64.Build.0 = Debug|Any CPU
		{4FE4C933-FDA4-4E72-AFF3-ECA9F91DD50C}.Debug|x86.ActiveCfg = Debug|Any CPU
		{4FE4C933-FDA4-4E72-AFF3-ECA9F91DD50C}.Debug|x86.Build.0 = Debug|Any CPU
		{4FE4C933-FDA4-4E72-AFF3-ECA9F91DD50C}.Release|Any CPU.ActiveCfg = Release|Any CPU
		{4FE4C933-FDA4-4E72-AFF3-ECA9F91DD50C}.Release|Any CPU.Build.0 = Release|Any CPU
		{4FE4C933-FDA4-4E72-AFF3-ECA9F91DD50C}.Release|x64.ActiveCfg = Release|Any CPU
		{4FE4C933-FDA4-4E72-AFF3-ECA9F91DD50C}.Release|x64.Build.0 = Release|Any CPU
		{4FE4C933-FDA4-4E72-AFF3-ECA9F91DD50C}.Release|x86.ActiveCfg = Release|Any CPU
		{4FE4C933-FDA4-4E72-AFF3-ECA9F91DD50C}.Release|x86.Build.0 = Release|Any CPU
		{CDD45FE4-27F1-4E9D-A456-614E8F6021E5}.Debug|Any CPU.ActiveCfg = Debug|Any CPU
		{CDD45FE4-27F1-4E9D-A456-614E8F6021E5}.Debug|Any CPU.Build.0 = Debug|Any CPU
		{CDD45FE4-27F1-4E9D-A456-614E8F6021E5}.Debug|x64.ActiveCfg = Debug|Any CPU
		{CDD45FE4-27F1-4E9D-A456-614E8F6021E5}.Debug|x64.Build.0 = Debug|Any CPU
		{CDD45FE4-27F1-4E9D-A456-614E8F6021E5}.Debug|x86.ActiveCfg = Debug|Any CPU
		{CDD45FE4-27F1-4E9D-A456-614E8F6021E5}.Debug|x86.Build.0 = Debug|Any CPU
		{CDD45FE4-27F1-4E9D-A456-614E8F6021E5}.Release|Any CPU.ActiveCfg = Release|Any CPU
		{CDD45FE4-27F1-4E9D-A456-614E8F6021E5}.Release|Any CPU.Build.0 = Release|Any CPU
		{CDD45FE4-27F1-4E9D-A456-614E8F6021E5}.Release|x64.ActiveCfg = Release|Any CPU
		{CDD45FE4-27F1-4E9D-A456-614E8F6021E5}.Release|x64.Build.0 = Release|Any CPU
		{CDD45FE4-27F1-4E9D-A456-614E8F6021E5}.Release|x86.ActiveCfg = Release|Any CPU
		{CDD45FE4-27F1-4E9D-A456-614E8F6021E5}.Release|x86.Build.0 = Release|Any CPU
		{C9918D34-E659-47F3-BE7C-791D6744B506}.Debug|Any CPU.ActiveCfg = Debug|Any CPU
		{C9918D34-E659-47F3-BE7C-791D6744B506}.Debug|Any CPU.Build.0 = Debug|Any CPU
		{C9918D34-E659-47F3-BE7C-791D6744B506}.Debug|x64.ActiveCfg = Debug|Any CPU
		{C9918D34-E659-47F3-BE7C-791D6744B506}.Debug|x64.Build.0 = Debug|Any CPU
		{C9918D34-E659-47F3-BE7C-791D6744B506}.Debug|x86.ActiveCfg = Debug|Any CPU
		{C9918D34-E659-47F3-BE7C-791D6744B506}.Debug|x86.Build.0 = Debug|Any CPU
		{C9918D34-E659-47F3-BE7C-791D6744B506}.Release|Any CPU.ActiveCfg = Release|Any CPU
		{C9918D34-E659-47F3-BE7C-791D6744B506}.Release|Any CPU.Build.0 = Release|Any CPU
		{C9918D34-E659-47F3-BE7C-791D6744B506}.Release|x64.ActiveCfg = Release|Any CPU
		{C9918D34-E659-47F3-BE7C-791D6744B506}.Release|x64.Build.0 = Release|Any CPU
		{C9918D34-E659-47F3-BE7C-791D6744B506}.Release|x86.ActiveCfg = Release|Any CPU
		{C9918D34-E659-47F3-BE7C-791D6744B506}.Release|x86.Build.0 = Release|Any CPU
		{50DD8EFB-AE6A-4736-9D3A-8C9C8AA3D927}.Debug|Any CPU.ActiveCfg = Debug|Any CPU
		{50DD8EFB-AE6A-4736-9D3A-8C9C8AA3D927}.Debug|Any CPU.Build.0 = Debug|Any CPU
		{50DD8EFB-AE6A-4736-9D3A-8C9C8AA3D927}.Debug|x64.ActiveCfg = Debug|Any CPU
		{50DD8EFB-AE6A-4736-9D3A-8C9C8AA3D927}.Debug|x64.Build.0 = Debug|Any CPU
		{50DD8EFB-AE6A-4736-9D3A-8C9C8AA3D927}.Debug|x86.ActiveCfg = Debug|Any CPU
		{50DD8EFB-AE6A-4736-9D3A-8C9C8AA3D927}.Debug|x86.Build.0 = Debug|Any CPU
		{50DD8EFB-AE6A-4736-9D3A-8C9C8AA3D927}.Release|Any CPU.ActiveCfg = Release|Any CPU
		{50DD8EFB-AE6A-4736-9D3A-8C9C8AA3D927}.Release|Any CPU.Build.0 = Release|Any CPU
		{50DD8EFB-AE6A-4736-9D3A-8C9C8AA3D927}.Release|x64.ActiveCfg = Release|Any CPU
		{50DD8EFB-AE6A-4736-9D3A-8C9C8AA3D927}.Release|x64.Build.0 = Release|Any CPU
		{50DD8EFB-AE6A-4736-9D3A-8C9C8AA3D927}.Release|x86.ActiveCfg = Release|Any CPU
		{50DD8EFB-AE6A-4736-9D3A-8C9C8AA3D927}.Release|x86.Build.0 = Release|Any CPU
		{979F2093-848E-493F-BB5B-338F0F8957AB}.Debug|Any CPU.ActiveCfg = Debug|Any CPU
		{979F2093-848E-493F-BB5B-338F0F8957AB}.Debug|Any CPU.Build.0 = Debug|Any CPU
		{979F2093-848E-493F-BB5B-338F0F8957AB}.Debug|x64.ActiveCfg = Debug|Any CPU
		{979F2093-848E-493F-BB5B-338F0F8957AB}.Debug|x64.Build.0 = Debug|Any CPU
		{979F2093-848E-493F-BB5B-338F0F8957AB}.Debug|x86.ActiveCfg = Debug|Any CPU
		{979F2093-848E-493F-BB5B-338F0F8957AB}.Debug|x86.Build.0 = Debug|Any CPU
		{979F2093-848E-493F-BB5B-338F0F8957AB}.Release|Any CPU.ActiveCfg = Release|Any CPU
		{979F2093-848E-493F-BB5B-338F0F8957AB}.Release|Any CPU.Build.0 = Release|Any CPU
		{979F2093-848E-493F-BB5B-338F0F8957AB}.Release|x64.ActiveCfg = Release|Any CPU
		{979F2093-848E-493F-BB5B-338F0F8957AB}.Release|x64.Build.0 = Release|Any CPU
		{979F2093-848E-493F-BB5B-338F0F8957AB}.Release|x86.ActiveCfg = Release|Any CPU
		{979F2093-848E-493F-BB5B-338F0F8957AB}.Release|x86.Build.0 = Release|Any CPU
	EndGlobalSection
EndGlobal
